<?xml version="1.0" encoding="utf-8"?>
<Project ToolsVersion="4.0" xmlns="http://schemas.microsoft.com/developer/msbuild/2003">
  <ItemGroup>
    <Filter Include="Source Files">
      <UniqueIdentifier>{4FC737F1-C7A5-4376-A066-2A32D752A2FF}</UniqueIdentifier>
      <Extensions>cpp;c;cc;cxx;def;odl;idl;hpj;bat;asm;asmx</Extensions>
    </Filter>
    <Filter Include="Header Files">
      <UniqueIdentifier>{93995380-89BD-4b04-88EB-625FBE52EBFB}</UniqueIdentifier>
      <Extensions>h;hh;hpp;hxx;hm;inl;inc;xsd</Extensions>
    </Filter>
    <Filter Include="Resource Files">
      <UniqueIdentifier>{67DA6AB6-F800-4c08-8B7A-83BB121AAD01}</UniqueIdentifier>
      <Extensions>rc;ico;cur;bmp;dlg;rc2;rct;bin;rgs;gif;jpg;jpeg;jpe;resx;tiff;tif;png;wav;mfcribbon-ms</Extensions>
    </Filter>
    <Filter Include="Source Files\userCoders">
      <UniqueIdentifier>{0f7eca58-4de9-4e2c-8911-95adfa520ec3}</UniqueIdentifier>
    </Filter>
    <Filter Include="Header Files\win">
      <UniqueIdentifier>{cb0d01d6-bf33-4e05-a892-c04e8618778b}</UniqueIdentifier>
    </Filter>
    <Filter Include="Header Files\userCoders">
      <UniqueIdentifier>{c8d41321-ebcd-4caa-be6e-66bc10c07d64}</UniqueIdentifier>
    </Filter>
  </ItemGroup>
  <ItemGroup>
    <ClCompile Include="$(SrcDir)ColorManager.cpp">
      <Filter>Source Files</Filter>
    </ClCompile>
    <ClCompile Include="$(SrcDir)Image.cpp">
      <Filter>Source Files</Filter>
    </ClCompile>
    <ClCompile Include="$(SrcDir)ImageCoder.cpp">
      <Filter>Source Files</Filter>
    </ClCompile>
    <ClCompile Include="$(SrcDir)ImageCoderBitmap.cpp">
      <Filter>Source Files</Filter>
    </ClCompile>
    <ClCompile Include="$(SrcDir)ImageCoderGif.cpp">
      <Filter>Source Files</Filter>
    </ClCompile>
    <ClCompile Include="$(SrcDir)ImageCoderJpeg.cpp">
      <Filter>Source Files</Filter>
    </ClCompile>
    <ClCompile Include="$(SrcDir)ImageCoderJpeg2000.cpp">
      <Filter>Source Files</Filter>
    </ClCompile>
    <ClCompile Include="$(SrcDir)ImageCoderPcx.cpp">
      <Filter>Source Files</Filter>
    </ClCompile>
    <ClCompile Include="$(SrcDir)ImageCoderPng.cpp">
      <Filter>Source Files</Filter>
    </ClCompile>
    <ClCompile Include="$(SrcDir)ImageCoderTarga.cpp">
      <Filter>Source Files</Filter>
    </ClCompile>
    <ClCompile Include="$(SrcDir)ImageCoderTiff.cpp">
      <Filter>Source Files</Filter>
    </ClCompile>
    <ClCompile Include="$(SrcDir)PixelMode.cpp">
      <Filter>Source Files</Filter>
    </ClCompile>
    <ClCompile Include="$(SrcDir)stdafx.cpp">
      <Filter>Source Files</Filter>
    </ClCompile>
    <ClCompile Include="$(SrcDir)TimeStamper.cpp">
      <Filter>Source Files</Filter>
    </ClCompile>
    <ClCompile Include="$(SrcDir)memory_streambuf.cpp">
      <Filter>Source Files</Filter>
    </ClCompile>
    <ClCompile Include="$(SrcDir)userCoders\UserCoder_Springboard.cpp">
      <Filter>Source Files\userCoders</Filter>
    </ClCompile>
  </ItemGroup>
  <ItemGroup>
    <ClInclude Include="$(SrcDir)win\targetver.h">
      <Filter>Header Files\win</Filter>
    </ClInclude>
    <ClInclude Include="$(SrcDir)ColorManager.h">
      <Filter>Header Files</Filter>
    </ClInclude>
    <ClInclude Include="$(SrcDir)Image.h">
      <Filter>Header Files</Filter>
    </ClInclude>
    <ClInclude Include="$(SrcDir)ImageCoder.h">
      <Filter>Header Files</Filter>
    </ClInclude>
    <ClInclude Include="$(SrcDir)ImageCoderBitmap.h">
      <Filter>Header Files</Filter>
    </ClInclude>
    <ClInclude Include="$(SrcDir)ImageCoderGif.h">
      <Filter>Header Files</Filter>
    </ClInclude>
    <ClInclude Include="$(SrcDir)ImageCoderJpeg.h">
      <Filter>Header Files</Filter>
    </ClInclude>
    <ClInclude Include="$(SrcDir)ImageCoderJpeg2000.h">
      <Filter>Header Files</Filter>
    </ClInclude>
    <ClInclude Include="$(SrcDir)ImageCoderPcx.h">
      <Filter>Header Files</Filter>
    </ClInclude>
    <ClInclude Include="$(SrcDir)ImageCoderPng.h">
      <Filter>Header Files</Filter>
    </ClInclude>
    <ClInclude Include="$(SrcDir)ImageCoderProperties.h">
      <Filter>Header Files</Filter>
    </ClInclude>
    <ClInclude Include="$(SrcDir)ImageCoderTarga.h">
      <Filter>Header Files</Filter>
    </ClInclude>
    <ClInclude Include="$(SrcDir)ImageCoderTiff.h">
      <Filter>Header Files</Filter>
    </ClInclude>
    <ClInclude Include="$(SrcDir)PixelMode.h">
      <Filter>Header Files</Filter>
    </ClInclude>
    <ClInclude Include="$(SrcDir)stdafx.h">
      <Filter>Header Files</Filter>
    </ClInclude>
    <ClInclude Include="$(SrcDir)TimeStamper.h">
      <Filter>Header Files</Filter>
    </ClInclude>
    <ClInclude Include="$(SrcDir)memory_streambuf.h">
      <Filter>Header Files</Filter>
    </ClInclude>
    <ClInclude Include="$(SrcDir)version.h">
      <Filter>Header Files</Filter>
    </ClInclude>
    <ClInclude Include="$(SrcDir)userCoders\UserCoder_Springboard.h">
      <Filter>Header Files\userCoders</Filter>
    </ClInclude>
  </ItemGroup>
</Project>